
Microsoft Visual Studio Solution File, Format Version 12.00
# Visual Studio 15
Project("{FAE04EC0-301F-11D3-BF4B-00C04F79EFBC}") = "Assembly-CSharp", "Assembly-CSharp.csproj", "{22847323-1094-603F-3AE0-1621F93B09EF}"
EndProject
Project("{FAE04EC0-301F-11D3-BF4B-00C04F79EFBC}") = "Assembly-CSharp-Editor", "Assembly-CSharp-Editor.csproj", "{DFAB5661-E85F-E913-11A7-2E34994FA66A}"
EndProject
Project("{FAE04EC0-301F-11D3-BF4B-00C04F79EFBC}") = "ALP8310_ControllerGlobal", "ALP8310_ControllerGlobal.csproj", "{F4E103F7-ABAC-5EE4-B575-9C3EBFDBB8F5}"
EndProject
Project("{FAE04EC0-301F-11D3-BF4B-00C04F79EFBC}") = "ALP8310_ControllerGlobal.Editor", "ALP8310_ControllerGlobal.Editor.csproj", "{DCB1A823-0FAD-8FD4-4BC4-73AD0ADE7588}"
EndProject
Global
	GlobalSection(SolutionConfigurationPlatforms) = preSolution
		Debug|Any CPU = Debug|Any CPU
		Release|Any CPU = Release|Any CPU
	EndGlobalSection
	GlobalSection(ProjectConfigurationPlatforms) = postSolution
		{22847323-1094-603F-3AE0-1621F93B09EF}.Debug|Any CPU.ActiveCfg = Debug|Any CPU
		{22847323-1094-603F-3AE0-1621F93B09EF}.Debug|Any CPU.Build.0 = Debug|Any CPU
		{22847323-1094-603F-3AE0-1621F93B09EF}.Release|Any CPU.ActiveCfg = Release|Any CPU
		{22847323-1094-603F-3AE0-1621F93B09EF}.Release|Any CPU.Build.0 = Release|Any CPU
		{DFAB5661-E85F-E913-11A7-2E34994FA66A}.Debug|Any CPU.ActiveCfg = Debug|Any CPU
		{DFAB5661-E85F-E913-11A7-2E34994FA66A}.Debug|Any CPU.Build.0 = Debug|Any CPU
		{DFAB5661-E85F-E913-11A7-2E34994FA66A}.Release|Any CPU.ActiveCfg = Release|Any CPU
		{DFAB5661-E85F-E913-11A7-2E34994FA66A}.Release|Any CPU.Build.0 = Release|Any CPU
		{F4E103F7-ABAC-5EE4-B575-9C3EBFDBB8F5}.Debug|Any CPU.ActiveCfg = Debug|Any CPU
		{F4E103F7-ABAC-5EE4-B575-9C3EBFDBB8F5}.Debug|Any CPU.Build.0 = Debug|Any CPU
		{F4E103F7-ABAC-5EE4-B575-9C3EBFDBB8F5}.Release|Any CPU.ActiveCfg = Release|Any CPU
		{F4E103F7-ABAC-5EE4-B575-9C3EBFDBB8F5}.Release|Any CPU.Build.0 = Release|Any CPU
		{DCB1A823-0FAD-8FD4-4BC4-73AD0ADE7588}.Debug|Any CPU.ActiveCfg = Debug|Any CPU
		{DCB1A823-0FAD-8FD4-4BC4-73AD0ADE7588}.Debug|Any CPU.Build.0 = Debug|Any CPU
		{DCB1A823-0FAD-8FD4-4BC4-73AD0ADE7588}.Release|Any CPU.ActiveCfg = Release|Any CPU
		{DCB1A823-0FAD-8FD4-4BC4-73AD0ADE7588}.Release|Any CPU.Build.0 = Release|Any CPU
	EndGlobalSection
	GlobalSection(SolutionProperties) = preSolution
		HideSolutionNode = FALSE
	EndGlobalSection
EndGlobal
